
Microsoft Visual Studio Solution File, Format Version 12.00
# Visual Studio 2013
VisualStudioVersion = 12.0.30723.0
MinimumVisualStudioVersion = 10.0.40219.1
Project("{2150E333-8FDC-42A3-9474-1A3956D46DE8}") = "Our4Legend", "Our4Legend", "{A313618A-CA5C-4BF8-9A1D-459B115B0785}"
EndProject
Project("{D954291E-2A0B-460D-934E-DC6B0785DB48}") = "Our4Legend.Shared", "Our4Legend\Our4Legend.Shared\Our4Legend.Shared.shproj", "{88828E68-F67C-48B6-8790-EA14C618CB58}"
EndProject
Project("{FAE04EC0-301F-11D3-BF4B-00C04F79EFBC}") = "Our4Legend.Windows", "Our4Legend\Our4Legend.Windows\Our4Legend.Windows.csproj", "{C20E2910-540F-48C6-91D0-2BDAC37CBC9F}"
EndProject
Project("{FAE04EC0-301F-11D3-BF4B-00C04F79EFBC}") = "Our4Legend.WindowsPhone", "Our4Legend\Our4Legend.WindowsPhone\Our4Legend.WindowsPhone.csproj", "{3869881D-C160-4688-8087-A727BF43F9B0}"
	ProjectSection(ProjectDependencies) = postProject
		{4223154B-CB94-447C-8FEB-8ADE5F639B37} = {4223154B-CB94-447C-8FEB-8ADE5F639B37}
	EndProjectSection
EndProject
Project("{FAE04EC0-301F-11D3-BF4B-00C04F79EFBC}") = "O4LCore", "O4LCore\O4LCore.csproj", "{4223154B-CB94-447C-8FEB-8ADE5F639B37}"
EndProject
Project("{FAE04EC0-301F-11D3-BF4B-00C04F79EFBC}") = "IssueMaker", "IssueMaker\IssueMaker\IssueMaker.csproj", "{B2CE446D-A55B-4694-A997-B733CCEA38B0}"
EndProject
Global
	GlobalSection(SharedMSBuildProjectFiles) = preSolution
		Our4Legend\Our4Legend.Shared\Our4Legend.Shared.projitems*{88828e68-f67c-48b6-8790-ea14c618cb58}*SharedItemsImports = 13
		Our4Legend\Our4Legend.Shared\Our4Legend.Shared.projitems*{c20e2910-540f-48c6-91d0-2bdac37cbc9f}*SharedItemsImports = 4
		Our4Legend\Our4Legend.Shared\Our4Legend.Shared.projitems*{3869881d-c160-4688-8087-a727bf43f9b0}*SharedItemsImports = 4
	EndGlobalSection
	GlobalSection(SolutionConfigurationPlatforms) = preSolution
		Debug|Any CPU = Debug|Any CPU
		Debug|ARM = Debug|ARM
		Debug|x64 = Debug|x64
		Debug|x86 = Debug|x86
		Release|Any CPU = Release|Any CPU
		Release|ARM = Release|ARM
		Release|x64 = Release|x64
		Release|x86 = Release|x86
	EndGlobalSection
	GlobalSection(ProjectConfigurationPlatforms) = postSolution
		{C20E2910-540F-48C6-91D0-2BDAC37CBC9F}.Debug|Any CPU.ActiveCfg = Debug|Any CPU
		{C20E2910-540F-48C6-91D0-2BDAC37CBC9F}.Debug|Any CPU.Build.0 = Debug|Any CPU
		{C20E2910-540F-48C6-91D0-2BDAC37CBC9F}.Debug|Any CPU.Deploy.0 = Debug|Any CPU
		{C20E2910-540F-48C6-91D0-2BDAC37CBC9F}.Debug|ARM.ActiveCfg = Debug|ARM
		{C20E2910-540F-48C6-91D0-2BDAC37CBC9F}.Debug|ARM.Build.0 = Debug|ARM
		{C20E2910-540F-48C6-91D0-2BDAC37CBC9F}.Debug|ARM.Deploy.0 = Debug|ARM
		{C20E2910-540F-48C6-91D0-2BDAC37CBC9F}.Debug|x64.ActiveCfg = Debug|x64
		{C20E2910-540F-48C6-91D0-2BDAC37CBC9F}.Debug|x64.Build.0 = Debug|x64
		{C20E2910-540F-48C6-91D0-2BDAC37CBC9F}.Debug|x64.Deploy.0 = Debug|x64
		{C20E2910-540F-48C6-91D0-2BDAC37CBC9F}.Debug|x86.ActiveCfg = Debug|x86
		{C20E2910-540F-48C6-91D0-2BDAC37CBC9F}.Debug|x86.Build.0 = Debug|x86
		{C20E2910-540F-48C6-91D0-2BDAC37CBC9F}.Debug|x86.Deploy.0 = Debug|x86
		{C20E2910-540F-48C6-91D0-2BDAC37CBC9F}.Release|Any CPU.ActiveCfg = Release|Any CPU
		{C20E2910-540F-48C6-91D0-2BDAC37CBC9F}.Release|Any CPU.Build.0 = Release|Any CPU
		{C20E2910-540F-48C6-91D0-2BDAC37CBC9F}.Release|Any CPU.Deploy.0 = Release|Any CPU
		{C20E2910-540F-48C6-91D0-2BDAC37CBC9F}.Release|ARM.ActiveCfg = Release|ARM
		{C20E2910-540F-48C6-91D0-2BDAC37CBC9F}.Release|ARM.Build.0 = Release|ARM
		{C20E2910-540F-48C6-91D0-2BDAC37CBC9F}.Release|ARM.Deploy.0 = Release|ARM
		{C20E2910-540F-48C6-91D0-2BDAC37CBC9F}.Release|x64.ActiveCfg = Release|x64
		{C20E2910-540F-48C6-91D0-2BDAC37CBC9F}.Release|x64.Build.0 = Release|x64
		{C20E2910-540F-48C6-91D0-2BDAC37CBC9F}.Release|x64.Deploy.0 = Release|x64
		{C20E2910-540F-48C6-91D0-2BDAC37CBC9F}.Release|x86.ActiveCfg = Release|x86
		{C20E2910-540F-48C6-91D0-2BDAC37CBC9F}.Release|x86.Build.0 = Release|x86
		{C20E2910-540F-48C6-91D0-2BDAC37CBC9F}.Release|x86.Deploy.0 = Release|x86
		{3869881D-C160-4688-8087-A727BF43F9B0}.Debug|Any CPU.ActiveCfg = Debug|Any CPU
		{3869881D-C160-4688-8087-A727BF43F9B0}.Debug|Any CPU.Build.0 = Debug|Any CPU
		{3869881D-C160-4688-8087-A727BF43F9B0}.Debug|Any CPU.Deploy.0 = Debug|Any CPU
		{3869881D-C160-4688-8087-A727BF43F9B0}.Debug|ARM.ActiveCfg = Debug|ARM
		{3869881D-C160-4688-8087-A727BF43F9B0}.Debug|ARM.Build.0 = Debug|ARM
		{3869881D-C160-4688-8087-A727BF43F9B0}.Debug|ARM.Deploy.0 = Debug|ARM
		{3869881D-C160-4688-8087-A727BF43F9B0}.Debug|x64.ActiveCfg = Debug|Any CPU
		{3869881D-C160-4688-8087-A727BF43F9B0}.Debug|x86.ActiveCfg = Debug|x86
		{3869881D-C160-4688-8087-A727BF43F9B0}.Debug|x86.Build.0 = Debug|x86
		{3869881D-C160-4688-8087-A727BF43F9B0}.Debug|x86.Deploy.0 = Debug|x86
		{3869881D-C160-4688-8087-A727BF43F9B0}.Release|Any CPU.ActiveCfg = Release|Any CPU
		{3869881D-C160-4688-8087-A727BF43F9B0}.Release|Any CPU.Build.0 = Release|Any CPU
		{3869881D-C160-4688-8087-A727BF43F9B0}.Release|Any CPU.Deploy.0 = Release|Any CPU
		{3869881D-C160-4688-8087-A727BF43F9B0}.Release|ARM.ActiveCfg = Release|ARM
		{3869881D-C160-4688-8087-A727BF43F9B0}.Release|ARM.Build.0 = Release|ARM
		{3869881D-C160-4688-8087-A727BF43F9B0}.Release|ARM.Deploy.0 = Release|ARM
		{3869881D-C160-4688-8087-A727BF43F9B0}.Release|x64.ActiveCfg = Release|Any CPU
		{3869881D-C160-4688-8087-A727BF43F9B0}.Release|x86.ActiveCfg = Release|x86
		{3869881D-C160-4688-8087-A727BF43F9B0}.Release|x86.Build.0 = Release|x86
		{3869881D-C160-4688-8087-A727BF43F9B0}.Release|x86.Deploy.0 = Release|x86
		{4223154B-CB94-447C-8FEB-8ADE5F639B37}.Debug|Any CPU.ActiveCfg = Debug|Any CPU
		{4223154B-CB94-447C-8FEB-8ADE5F639B37}.Debug|Any CPU.Build.0 = Debug|Any CPU
		{4223154B-CB94-447C-8FEB-8ADE5F639B37}.Debug|ARM.ActiveCfg = Debug|Any CPU
		{4223154B-CB94-447C-8FEB-8ADE5F639B37}.Debug|x64.ActiveCfg = Debug|Any CPU
		{4223154B-CB94-447C-8FEB-8ADE5F639B37}.Debug|x86.ActiveCfg = Debug|Any CPU
		{4223154B-CB94-447C-8FEB-8ADE5F639B37}.Release|Any CPU.ActiveCfg = Release|Any CPU
		{4223154B-CB94-447C-8FEB-8ADE5F639B37}.Release|Any CPU.Build.0 = Release|Any CPU
		{4223154B-CB94-447C-8FEB-8ADE5F639B37}.Release|ARM.ActiveCfg = Release|Any CPU
		{4223154B-CB94-447C-8FEB-8ADE5F639B37}.Release|x64.ActiveCfg = Release|Any CPU
		{4223154B-CB94-447C-8FEB-8ADE5F639B37}.Release|x86.ActiveCfg = Release|Any CPU
		{B2CE446D-A55B-4694-A997-B733CCEA38B0}.Debug|Any CPU.ActiveCfg = Debug|Any CPU
		{B2CE446D-A55B-4694-A997-B733CCEA38B0}.Debug|Any CPU.Build.0 = Debug|Any CPU
		{B2CE446D-A55B-4694-A997-B733CCEA38B0}.Debug|ARM.ActiveCfg = Debug|Any CPU
		{B2CE446D-A55B-4694-A997-B733CCEA38B0}.Debug|x64.ActiveCfg = Debug|Any CPU
		{B2CE446D-A55B-4694-A997-B733CCEA38B0}.Debug|x86.ActiveCfg = Debug|Any CPU
		{B2CE446D-A55B-4694-A997-B733CCEA38B0}.Release|Any CPU.ActiveCfg = Release|Any CPU
		{B2CE446D-A55B-4694-A997-B733CCEA38B0}.Release|Any CPU.Build.0 = Release|Any CPU
		{B2CE446D-A55B-4694-A997-B733CCEA38B0}.Release|ARM.ActiveCfg = Release|Any CPU
		{B2CE446D-A55B-4694-A997-B733CCEA38B0}.Release|x64.ActiveCfg = Release|Any CPU
		{B2CE446D-A55B-4694-A997-B733CCEA38B0}.Release|x86.ActiveCfg = Release|Any CPU
	EndGlobalSection
	GlobalSection(SolutionProperties) = preSolution
		HideSolutionNode = FALSE
	EndGlobalSection
	GlobalSection(NestedProjects) = preSolution
		{88828E68-F67C-48B6-8790-EA14C618CB58} = {A313618A-CA5C-4BF8-9A1D-459B115B0785}
		{C20E2910-540F-48C6-91D0-2BDAC37CBC9F} = {A313618A-CA5C-4BF8-9A1D-459B115B0785}
		{3869881D-C160-4688-8087-A727BF43F9B0} = {A313618A-CA5C-4BF8-9A1D-459B115B0785}
		{4223154B-CB94-447C-8FEB-8ADE5F639B37} = {A313618A-CA5C-4BF8-9A1D-459B115B0785}
	EndGlobalSection
EndGlobal
